
Microsoft Visual Studio Solution File, Format Version 12.00
# Visual Studio Version 17
VisualStudioVersion = 17.7.33906.173
MinimumVisualStudioVersion = 10.0.40219.1
Project("{9A19103F-16F7-4668-BE54-9A1E7A4F7556}") = "FishBot", "FishBot.csproj", "{652B9D24-00E1-4C95-B965-9ECBB3A99AFB}"
EndProject
Global
	GlobalSection(SolutionConfigurationPlatforms) = preSolution
		Debug|Any CPU = Debug|Any CPU
		Release|Any CPU = Release|Any CPU
	EndGlobalSection
	GlobalSection(ProjectConfigurationPlatforms) = postSolution
		{652B9D24-00E1-4C95-B965-9ECBB3A99AFB}.Debug|Any CPU.ActiveCfg = Debug|Any CPU
		{652B9D24-00E1-4C95-B965-9ECBB3A99AFB}.Debug|Any CPU.Build.0 = Debug|Any CPU
		{652B9D24-00E1-4C95-B965-9ECBB3A99AFB}.Release|Any CPU.ActiveCfg = Release|Any CPU
		{652B9D24-00E1-4C95-B965-9ECBB3A99AFB}.Release|Any CPU.Build.0 = Release|Any CPU
	EndGlobalSection
	GlobalSection(SolutionProperties) = preSolution
		HideSolutionNode = FALSE
	EndGlobalSection
	GlobalSection(ExtensibilityGlobals) = postSolution
		SolutionGuid = {977B6888-F3AF-44E3-A404-6CEE9371D292}
	EndGlobalSection
EndGlobal
